// !$*UTF8*$!
{
	archiveVersion = 1;
	classes = {
	};
	objectVersion = 60;
	objects = {

/* Begin PBXBuildFile section */
		13BCED732C454BEF008AEB15 /* TCASwiftApp.swift in Sources */ = {isa = PBXBuildFile; fileRef = 13BCED722C454BEF008AEB15 /* TCASwiftApp.swift */; };
		13BCED752C454BEF008AEB15 /* ContentView.swift in Sources */ = {isa = PBXBuildFile; fileRef = 13BCED742C454BEF008AEB15 /* ContentView.swift */; };
		13BCED772C454BF1008AEB15 /* Assets.xcassets in Resources */ = {isa = PBXBuildFile; fileRef = 13BCED762C454BF1008AEB15 /* Assets.xcassets */; };
		13BCED7B2C454BF1008AEB15 /* Preview Assets.xcassets in Resources */ = {isa = PBXBuildFile; fileRef = 13BCED7A2C454BF1008AEB15 /* Preview Assets.xcassets */; };
		13BCEDB82C46CBD9008AEB15 /* ComposableArchitecture in Frameworks */ = {isa = PBXBuildFile; productRef = 13BCEDB72C46CBD9008AEB15 /* ComposableArchitecture */; };
		13BCEDBB2C46CC28008AEB15 /* JobReducer.swift in Sources */ = {isa = PBXBuildFile; fileRef = 13BCEDBA2C46CC28008AEB15 /* JobReducer.swift */; };
		13BCEDBD2C46CEA7008AEB15 /* AppData in Frameworks */ = {isa = PBXBuildFile; productRef = 13BCEDBC2C46CEA7008AEB15 /* AppData */; };
/* End PBXBuildFile section */

/* Begin PBXFileReference section */
		13BCED6F2C454BEF008AEB15 /* TCASwift.app */ = {isa = PBXFileReference; explicitFileType = wrapper.application; includeInIndex = 0; path = TCASwift.app; sourceTree = BUILT_PRODUCTS_DIR; };
		13BCED722C454BEF008AEB15 /* TCASwiftApp.swift */ = {isa = PBXFileReference; lastKnownFileType = sourcecode.swift; path = TCASwiftApp.swift; sourceTree = "<group>"; };
		13BCED742C454BEF008AEB15 /* ContentView.swift */ = {isa = PBXFileReference; lastKnownFileType = sourcecode.swift; path = ContentView.swift; sourceTree = "<group>"; };
		13BCED762C454BF1008AEB15 /* Assets.xcassets */ = {isa = PBXFileReference; lastKnownFileType = folder.assetcatalog; path = Assets.xcassets; sourceTree = "<group>"; };
		13BCED782C454BF1008AEB15 /* TCASwift.entitlements */ = {isa = PBXFileReference; lastKnownFileType = text.plist.entitlements; path = TCASwift.entitlements; sourceTree = "<group>"; };
		13BCED7A2C454BF1008AEB15 /* Preview Assets.xcassets */ = {isa = PBXFileReference; lastKnownFileType = folder.assetcatalog; path = "Preview Assets.xcassets"; sourceTree = "<group>"; };
		13BCEDBA2C46CC28008AEB15 /* JobReducer.swift */ = {isa = PBXFileReference; lastKnownFileType = sourcecode.swift; path = JobReducer.swift; sourceTree = "<group>"; };
/* End PBXFileReference section */

/* Begin PBXFrameworksBuildPhase section */
		13BCED6C2C454BEF008AEB15 /* Frameworks */ = {
			isa = PBXFrameworksBuildPhase;
			buildActionMask = 2147483647;
			files = (
				13BCEDBD2C46CEA7008AEB15 /* AppData in Frameworks */,
				13BCEDB82C46CBD9008AEB15 /* ComposableArchitecture in Frameworks */,
			);
			runOnlyForDeploymentPostprocessing = 0;
		};
/* End PBXFrameworksBuildPhase section */

/* Begin PBXGroup section */
		13BCED662C454BEF008AEB15 = {
			isa = PBXGroup;
			children = (
				13BCED712C454BEF008AEB15 /* TCASwift */,
				13BCED702C454BEF008AEB15 /* Products */,
			);
			sourceTree = "<group>";
		};
		13BCED702C454BEF008AEB15 /* Products */ = {
			isa = PBXGroup;
			children = (
				13BCED6F2C454BEF008AEB15 /* TCASwift.app */,
			);
			name = Products;
			sourceTree = "<group>";
		};
		13BCED712C454BEF008AEB15 /* TCASwift */ = {
			isa = PBXGroup;
			children = (
				13BCEDB92C46CC18008AEB15 /* Reducer */,
				13BCED722C454BEF008AEB15 /* TCASwiftApp.swift */,
				13BCED742C454BEF008AEB15 /* ContentView.swift */,
				13BCED762C454BF1008AEB15 /* Assets.xcassets */,
				13BCED782C454BF1008AEB15 /* TCASwift.entitlements */,
				13BCED792C454BF1008AEB15 /* Preview Content */,
			);
			path = TCASwift;
			sourceTree = "<group>";
		};
		13BCED792C454BF1008AEB15 /* Preview Content */ = {
			isa = PBXGroup;
			children = (
				13BCED7A2C454BF1008AEB15 /* Preview Assets.xcassets */,
			);
			path = "Preview Content";
			sourceTree = "<group>";
		};
		13BCEDB92C46CC18008AEB15 /* Reducer */ = {
			isa = PBXGroup;
			children = (
				13BCEDBA2C46CC28008AEB15 /* JobReducer.swift */,
			);
			path = Reducer;
			sourceTree = "<group>";
		};
/* End PBXGroup section */

/* Begin PBXNativeTarget section */
		13BCED6E2C454BEF008AEB15 /* TCASwift */ = {
			isa = PBXNativeTarget;
			buildConfigurationList = 13BCED7E2C454BF1008AEB15 /* Build configuration list for PBXNativeTarget "TCASwift" */;
			buildPhases = (
				13BCED6B2C454BEF008AEB15 /* Sources */,
				13BCED6C2C454BEF008AEB15 /* Frameworks */,
				13BCED6D2C454BEF008AEB15 /* Resources */,
			);
			buildRules = (
			);
			dependencies = (
			);
			name = TCASwift;
			packageProductDependencies = (
				13BCEDB72C46CBD9008AEB15 /* ComposableArchitecture */,
				13BCEDBC2C46CEA7008AEB15 /* AppData */,
			);
			productName = TCASwift;
			productReference = 13BCED6F2C454BEF008AEB15 /* TCASwift.app */;
			productType = "com.apple.product-type.application";
		};
/* End PBXNativeTarget section */

/* Begin PBXProject section */
		13BCED672C454BEF008AEB15 /* Project object */ = {
			isa = PBXProject;
			attributes = {
				BuildIndependentTargetsInParallel = 1;
				LastSwiftUpdateCheck = 1540;
				LastUpgradeCheck = 1540;
				TargetAttributes = {
					13BCED6E2C454BEF008AEB15 = {
						CreatedOnToolsVersion = 15.4;
					};
				};
			};
			buildConfigurationList = 13BCED6A2C454BEF008AEB15 /* Build configuration list for PBXProject "TCASwift" */;
			compatibilityVersion = "Xcode 14.0";
			developmentRegion = en;
			hasScannedForEncodings = 0;
			knownRegions = (
				en,
				Base,
			);
			mainGroup = 13BCED662C454BEF008AEB15;
			packageReferences = (
				13BCEDB62C46CBD9008AEB15 /* XCRemoteSwiftPackageReference "swift-composable-architecture" */,
				13BCEDBE2C46CF38008AEB15 /* XCLocalSwiftPackageReference "Packages/AppData" */,
			);
			productRefGroup = 13BCED702C454BEF008AEB15 /* Products */;
			projectDirPath = "";
			projectRoot = "";
			targets = (
				13BCED6E2C454BEF008AEB15 /* TCASwift */,
			);
		};
/* End PBXProject section */

/* Begin PBXResourcesBuildPhase section */
		13BCED6D2C454BEF008AEB15 /* Resources */ = {
			isa = PBXResourcesBuildPhase;
			buildActionMask = 2147483647;
			files = (
				13BCED7B2C454BF1008AEB15 /* Preview Assets.xcassets in Resources */,
				13BCED772C454BF1008AEB15 /* Assets.xcassets in Resources */,
			);
			runOnlyForDeploymentPostprocessing = 0;
		};
/* End PBXResourcesBuildPhase section */

/* Begin PBXSourcesBuildPhase section */
		13BCED6B2C454BEF008AEB15 /* Sources */ = {
			isa = PBXSourcesBuildPhase;
			buildActionMask = 2147483647;
			files = (
				13BCEDBB2C46CC28008AEB15 /* JobReducer.swift in Sources */,
				13BCED752C454BEF008AEB15 /* ContentView.swift in Sources */,
				13BCED732C454BEF008AEB15 /* TCASwiftApp.swift in Sources */,
			);
			runOnlyForDeploymentPostprocessing = 0;
		};
/* End PBXSourcesBuildPhase section */

/* Begin XCBuildConfiguration section */
		13BCED7C2C454BF1008AEB15 /* Debug */ = {
			isa = XCBuildConfiguration;
			buildSettings = {
				ALWAYS_SEARCH_USER_PATHS = NO;
				ASSETCATALOG_COMPILER_GENERATE_SWIFT_ASSET_SYMBOL_EXTENSIONS = YES;
				CLANG_ANALYZER_NONNULL = YES;
				CLANG_ANALYZER_NUMBER_OBJECT_CONVERSION = YES_AGGRESSIVE;
				CLANG_CXX_LANGUAGE_STANDARD = "gnu++20";
				CLANG_ENABLE_MODULES = YES;
				CLANG_ENABLE_OBJC_ARC = YES;
				CLANG_ENABLE_OBJC_WEAK = YES;
				CLANG_WARN_BLOCK_CAPTURE_AUTORELEASING = YES;
				CLANG_WARN_BOOL_CONVERSION = YES;
				CLANG_WARN_COMMA = YES;
				CLANG_WARN_CONSTANT_CONVERSION = YES;
				CLANG_WARN_DEPRECATED_OBJC_IMPLEMENTATIONS = YES;
				CLANG_WARN_DIRECT_OBJC_ISA_USAGE = YES_ERROR;
				CLANG_WARN_DOCUMENTATION_COMMENTS = YES;
				CLANG_WARN_EMPTY_BODY = YES;
				CLANG_WARN_ENUM_CONVERSION = YES;
				CLANG_WARN_INFINITE_RECURSION = YES;
				CLANG_WARN_INT_CONVERSION = YES;
				CLANG_WARN_NON_LITERAL_NULL_CONVERSION = YES;
				CLANG_WARN_OBJC_IMPLICIT_RETAIN_SELF = YES;
				CLANG_WARN_OBJC_LITERAL_CONVERSION = YES;
				CLANG_WARN_OBJC_ROOT_CLASS = YES_ERROR;
				CLANG_WARN_QUOTED_INCLUDE_IN_FRAMEWORK_HEADER = YES;
				CLANG_WARN_RANGE_LOOP_ANALYSIS = YES;
				CLANG_WARN_STRICT_PROTOTYPES = YES;
				CLANG_WARN_SUSPICIOUS_MOVE = YES;
				CLANG_WARN_UNGUARDED_AVAILABILITY = YES_AGGRESSIVE;
				CLANG_WARN_UNREACHABLE_CODE = YES;
				CLANG_WARN__DUPLICATE_METHOD_MATCH = YES;
				COPY_PHASE_STRIP = NO;
				DEBUG_INFORMATION_FORMAT = dwarf;
				ENABLE_STRICT_OBJC_MSGSEND = YES;
				ENABLE_TESTABILITY = YES;
				ENABLE_USER_SCRIPT_SANDBOXING = YES;
				GCC_C_LANGUAGE_STANDARD = gnu17;
				GCC_DYNAMIC_NO_PIC = NO;
				GCC_NO_COMMON_BLOCKS = YES;
				GCC_OPTIMIZATION_LEVEL = 0;
				GCC_PREPROCESSOR_DEFINITIONS = (
					"DEBUG=1",
					"$(inherited)",
				);
				GCC_WARN_64_TO_32_BIT_CONVERSION = YES;
				GCC_WARN_ABOUT_RETURN_TYPE = YES_ERROR;
				GCC_WARN_UNDECLARED_SELECTOR = YES;
				GCC_WARN_UNINITIALIZED_AUTOS = YES_AGGRESSIVE;
				GCC_WARN_UNUSED_FUNCTION = YES;
				GCC_WARN_UNUSED_VARIABLE = YES;
				LOCALIZATION_PREFERS_STRING_CATALOGS = YES;
				MTL_ENABLE_DEBUG_INFO = INCLUDE_SOURCE;
				MTL_FAST_MATH = YES;
				ONLY_ACTIVE_ARCH = YES;
				SWIFT_ACTIVE_COMPILATION_CONDITIONS = "DEBUG $(inherited)";
				SWIFT_OPTIMIZATION_LEVEL = "-Onone";
			};
			name = Debug;
		};
		13BCED7D2C454BF1008AEB15 /* Release */ = {
			isa = XCBuildConfiguration;
			buildSettings = {
				ALWAYS_SEARCH_USER_PATHS = NO;
				ASSETCATALOG_COMPILER_GENERATE_SWIFT_ASSET_SYMBOL_EXTENSIONS = YES;
				CLANG_ANALYZER_NONNULL = YES;
				CLANG_ANALYZER_NUMBER_OBJECT_CONVERSION = YES_AGGRESSIVE;
				CLANG_CXX_LANGUAGE_STANDARD = "gnu++20";
				CLANG_ENABLE_MODULES = YES;
				CLANG_ENABLE_OBJC_ARC = YES;
				CLANG_ENABLE_OBJC_WEAK = YES;
				CLANG_WARN_BLOCK_CAPTURE_AUTORELEASING = YES;
				CLANG_WARN_BOOL_CONVERSION = YES;
				CLANG_WARN_COMMA = YES;
				CLANG_WARN_CONSTANT_CONVERSION = YES;
				CLANG_WARN_DEPRECATED_OBJC_IMPLEMENTATIONS = YES;
				CLANG_WARN_DIRECT_OBJC_ISA_USAGE = YES_ERROR;
				CLANG_WARN_DOCUMENTATION_COMMENTS = YES;
				CLANG_WARN_EMPTY_BODY = YES;
				CLANG_WARN_ENUM_CONVERSION = YES;
				CLANG_WARN_INFINITE_RECURSION = YES;
				CLANG_WARN_INT_CONVERSION = YES;
				CLANG_WARN_NON_LITERAL_NULL_CONVERSION = YES;
				CLANG_WARN_OBJC_IMPLICIT_RETAIN_SELF = YES;
				CLANG_WARN_OBJC_LITERAL_CONVERSION = YES;
				CLANG_WARN_OBJC_ROOT_CLASS = YES_ERROR;
				CLANG_WARN_QUOTED_INCLUDE_IN_FRAMEWORK_HEADER = YES;
				CLANG_WARN_RANGE_LOOP_ANALYSIS = YES;
				CLANG_WARN_STRICT_PROTOTYPES = YES;
				CLANG_WARN_SUSPICIOUS_MOVE = YES;
				CLANG_WARN_UNGUARDED_AVAILABILITY = YES_AGGRESSIVE;
				CLANG_WARN_UNREACHABLE_CODE = YES;
				CLANG_WARN__DUPLICATE_METHOD_MATCH = YES;
				COPY_PHASE_STRIP = NO;
				DEBUG_INFORMATION_FORMAT = "dwarf-with-dsym";
				ENABLE_NS_ASSERTIONS = NO;
				ENABLE_STRICT_OBJC_MSGSEND = YES;
				ENABLE_USER_SCRIPT_SANDBOXING = YES;
				GCC_C_LANGUAGE_STANDARD = gnu17;
				GCC_NO_COMMON_BLOCKS = YES;
				GCC_WARN_64_TO_32_BIT_CONVERSION = YES;
				GCC_WARN_ABOUT_RETURN_TYPE = YES_ERROR;
				GCC_WARN_UNDECLARED_SELECTOR = YES;
				GCC_WARN_UNINITIALIZED_AUTOS = YES_AGGRESSIVE;
				GCC_WARN_UNUSED_FUNCTION = YES;
				GCC_WARN_UNUSED_VARIABLE = YES;
				LOCALIZATION_PREFERS_STRING_CATALOGS = YES;
				MTL_ENABLE_DEBUG_INFO = NO;
				MTL_FAST_MATH = YES;
				SWIFT_COMPILATION_MODE = wholemodule;
			};
			name = Release;
		};
		13BCED7F2C454BF1008AEB15 /* Debug */ = {
			isa = XCBuildConfiguration;
			buildSettings = {
				ASSETCATALOG_COMPILER_APPICON_NAME = AppIcon;
				ASSETCATALOG_COMPILER_GLOBAL_ACCENT_COLOR_NAME = AccentColor;
				CODE_SIGN_ENTITLEMENTS = TCASwift/TCASwift.entitlements;
				CODE_SIGN_STYLE = Automatic;
				CURRENT_PROJECT_VERSION = 1;
				DEVELOPMENT_ASSET_PATHS = "\"TCASwift/Preview Content\"";
				DEVELOPMENT_TEAM = T8D29U4J3F;
				ENABLE_HARDENED_RUNTIME = YES;
				ENABLE_PREVIEWS = YES;
				GENERATE_INFOPLIST_FILE = YES;
				"INFOPLIST_KEY_UIApplicationSceneManifest_Generation[sdk=iphoneos*]" = YES;
				"INFOPLIST_KEY_UIApplicationSceneManifest_Generation[sdk=iphonesimulator*]" = YES;
				"INFOPLIST_KEY_UIApplicationSupportsIndirectInputEvents[sdk=iphoneos*]" = YES;
				"INFOPLIST_KEY_UIApplicationSupportsIndirectInputEvents[sdk=iphonesimulator*]" = YES;
				"INFOPLIST_KEY_UILaunchScreen_Generation[sdk=iphoneos*]" = YES;
				"INFOPLIST_KEY_UILaunchScreen_Generation[sdk=iphonesimulator*]" = YES;
				"INFOPLIST_KEY_UIStatusBarStyle[sdk=iphoneos*]" = UIStatusBarStyleDefault;
				"INFOPLIST_KEY_UIStatusBarStyle[sdk=iphonesimulator*]" = UIStatusBarStyleDefault;
				INFOPLIST_KEY_UISupportedInterfaceOrientations_iPad = "UIInterfaceOrientationPortrait UIInterfaceOrientationPortraitUpsideDown UIInterfaceOrientationLandscapeLeft UIInterfaceOrientationLandscapeRight";
				INFOPLIST_KEY_UISupportedInterfaceOrientations_iPhone = "UIInterfaceOrientationPortrait UIInterfaceOrientationLandscapeLeft UIInterfaceOrientationLandscapeRight";
				IPHONEOS_DEPLOYMENT_TARGET = 15.0;
				LD_RUNPATH_SEARCH_PATHS = "@executable_path/Frameworks";
				"LD_RUNPATH_SEARCH_PATHS[sdk=macosx*]" = "@executable_path/../Frameworks";
				MACOSX_DEPLOYMENT_TARGET = 14.5;
				MARKETING_VERSION = 1.0;
				PRODUCT_BUNDLE_IDENTIFIER = com.farbod.tca.tcaswift.TCASwift;
				PRODUCT_NAME = "$(TARGET_NAME)";
				SDKROOT = auto;
				SUPPORTED_PLATFORMS = "iphoneos iphonesimulator";
				SUPPORTS_MACCATALYST = NO;
				SWIFT_EMIT_LOC_STRINGS = YES;
				SWIFT_VERSION = 5.0;
				TARGETED_DEVICE_FAMILY = 1;
			};
			name = Debug;
		};
		13BCED802C454BF1008AEB15 /* Release */ = {
			isa = XCBuildConfiguration;
			buildSettings = {
				ASSETCATALOG_COMPILER_APPICON_NAME = AppIcon;
				ASSETCATALOG_COMPILER_GLOBAL_ACCENT_COLOR_NAME = AccentColor;
				CODE_SIGN_ENTITLEMENTS = TCASwift/TCASwift.entitlements;
				CODE_SIGN_STYLE = Automatic;
				CURRENT_PROJECT_VERSION = 1;
				DEVELOPMENT_ASSET_PATHS = "\"TCASwift/Preview Content\"";
				DEVELOPMENT_TEAM = T8D29U4J3F;
				ENABLE_HARDENED_RUNTIME = YES;
				ENABLE_PREVIEWS = YES;
				GENERATE_INFOPLIST_FILE = YES;
				"INFOPLIST_KEY_UIApplicationSceneManifest_Generation[sdk=iphoneos*]" = YES;
				"INFOPLIST_KEY_UIApplicationSceneManifest_Generation[sdk=iphonesimulator*]" = YES;
				"INFOPLIST_KEY_UIApplicationSupportsIndirectInputEvents[sdk=iphoneos*]" = YES;
				"INFOPLIST_KEY_UIApplicationSupportsIndirectInputEvents[sdk=iphonesimulator*]" = YES;
				"INFOPLIST_KEY_UILaunchScreen_Generation[sdk=iphoneos*]" = YES;
				"INFOPLIST_KEY_UILaunchScreen_Generation[sdk=iphonesimulator*]" = YES;
				"INFOPLIST_KEY_UIStatusBarStyle[sdk=iphoneos*]" = UIStatusBarStyleDefault;
				"INFOPLIST_KEY_UIStatusBarStyle[sdk=iphonesimulator*]" = UIStatusBarStyleDefault;
				INFOPLIST_KEY_UISupportedInterfaceOrientations_iPad = "UIInterfaceOrientationPortrait UIInterfaceOrientationPortraitUpsideDown UIInterfaceOrientationLandscapeLeft UIInterfaceOrientationLandscapeRight";
				INFOPLIST_KEY_UISupportedInterfaceOrientations_iPhone = "UIInterfaceOrientationPortrait UIInterfaceOrientationLandscapeLeft UIInterfaceOrientationLandscapeRight";
				IPHONEOS_DEPLOYMENT_TARGET = 15.0;
				LD_RUNPATH_SEARCH_PATHS = "@executable_path/Frameworks";
				"LD_RUNPATH_SEARCH_PATHS[sdk=macosx*]" = "@executable_path/../Frameworks";
				MACOSX_DEPLOYMENT_TARGET = 14.5;
				MARKETING_VERSION = 1.0;
				PRODUCT_BUNDLE_IDENTIFIER = com.farbod.tca.tcaswift.TCASwift;
				PRODUCT_NAME = "$(TARGET_NAME)";
				SDKROOT = auto;
				SUPPORTED_PLATFORMS = "iphoneos iphonesimulator";
				SUPPORTS_MACCATALYST = NO;
				SWIFT_EMIT_LOC_STRINGS = YES;
				SWIFT_VERSION = 5.0;
				TARGETED_DEVICE_FAMILY = 1;
			};
			name = Release;
		};
/* End XCBuildConfiguration section */

/* Begin XCConfigurationList section */
		13BCED6A2C454BEF008AEB15 /* Build configuration list for PBXProject "TCASwift" */ = {
			isa = XCConfigurationList;
			buildConfigurations = (
				13BCED7C2C454BF1008AEB15 /* Debug */,
				13BCED7D2C454BF1008AEB15 /* Release */,
			);
			defaultConfigurationIsVisible = 0;
			defaultConfigurationName = Release;
		};
		13BCED7E2C454BF1008AEB15 /* Build configuration list for PBXNativeTarget "TCASwift" */ = {
			isa = XCConfigurationList;
			buildConfigurations = (
				13BCED7F2C454BF1008AEB15 /* Debug */,
				13BCED802C454BF1008AEB15 /* Release */,
			);
			defaultConfigurationIsVisible = 0;
			defaultConfigurationName = Release;
		};
/* End XCConfigurationList section */

/* Begin XCLocalSwiftPackageReference section */
		13BCEDBE2C46CF38008AEB15 /* XCLocalSwiftPackageReference "Packages/AppData" */ = {
			isa = XCLocalSwiftPackageReference;
			relativePath = Packages/AppData;
		};
/* End XCLocalSwiftPackageReference section */

/* Begin XCRemoteSwiftPackageReference section */
		13BCEDB62C46CBD9008AEB15 /* XCRemoteSwiftPackageReference "swift-composable-architecture" */ = {
			isa = XCRemoteSwiftPackageReference;
			repositoryURL = "https://github.com/pointfreeco/swift-composable-architecture";
			requirement = {
				kind = upToNextMajorVersion;
				minimumVersion = 1.11.2;
			};
		};
/* End XCRemoteSwiftPackageReference section */

/* Begin XCSwiftPackageProductDependency section */
		13BCEDB72C46CBD9008AEB15 /* ComposableArchitecture */ = {
			isa = XCSwiftPackageProductDependency;
			package = 13BCEDB62C46CBD9008AEB15 /* XCRemoteSwiftPackageReference "swift-composable-architecture" */;
			productName = ComposableArchitecture;
		};
		13BCEDBC2C46CEA7008AEB15 /* AppData */ = {
			isa = XCSwiftPackageProductDependency;
			package = 13BCEDB62C46CBD9008AEB15 /* XCRemoteSwiftPackageReference "swift-composable-architecture" */;
			productName = AppData;
		};
/* End XCSwiftPackageProductDependency section */
	};
	rootObject = 13BCED672C454BEF008AEB15 /* Project object */;
}
